schema: '2.0'
stages:
  prepare:
    cmd: python src/prepare.py data/train/text.txt data/train/labels.txt
    deps:
    - path: data/train/labels.txt
      md5: e9403b295e504463b1e7f46858676f3e
      size: 30123
    - path: data/train/text.txt
      md5: 35ec79dd04bca563a46af0e0bb8d9981
      size: 1003904
    - path: src/prepare.py
      md5: 337e56e586d4295caa4ab1a5e145f75e
      size: 1344
    params:
      params.yaml:
        prepare.seed: 2137
        prepare.val_split: 0.2
