schema: '2.0'
stages:
  evaluate:
    cmd: python src/evaluate.py data/test/text.txt data/test/labels.txt
    deps:
    - path: data/test/labels.txt
      md5: 5d00a822efecac84f22d9c90d1025a90
      size: 3000
    - path: data/test/text.txt
      md5: 627f40c5d32e7b7b024f5420f6df3ec1
      size: 99677
    - path: src/evaluate.py
      md5: 2f70234771c153c1a4dad771d3b32de4
      size: 2090
    params:
      params.yaml:
        evaluate.batch_size: 32
